# THIS IS AN AUTOGENERATED FILE. DO NOT EDIT THIS FILE DIRECTLY.
# yarn lockfile v1


sift@^7.0.1:
  version "7.0.1"
  resolved "https://registry.yarnpkg.com/sift/-/sift-7.0.1.tgz#47d62c50b159d316f1372f8b53f9c10cd21a4b08"
  integrity sha512-oqD7PMJ+uO6jV9EQCl0LrRw1OwsiPsiFQR5AR30heR+4Dl7jBBbDLnNvWiak20tzZlSE1H7RB30SX/1j/YYT7g==
